// !$*UTF8*$!
{
	archiveVersion = 1;
	classes = {
	};
	objectVersion = 46;
	objects = {

/* Begin PBXBuildFile section */
		D41C319D1514D74C00D561C5 /* AirPort.icns in Resources */ = {isa = PBXBuildFile; fileRef = D41C31961514D74C00D561C5 /* AirPort.icns */; };
		D41C319E1514D74C00D561C5 /* AirPort.scpt in Resources */ = {isa = PBXBuildFile; fileRef = D41C31971514D74C00D561C5 /* AirPort.scpt */; };
		D41C319F1514D74C00D561C5 /* AirPort0.icns in Resources */ = {isa = PBXBuildFile; fileRef = D41C31981514D74C00D561C5 /* AirPort0.icns */; };
		D41C31A01514D74C00D561C5 /* AirPort1.icns in Resources */ = {isa = PBXBuildFile; fileRef = D41C31991514D74C00D561C5 /* AirPort1.icns */; };
		D41C31A11514D74C00D561C5 /* AirPort2.icns in Resources */ = {isa = PBXBuildFile; fileRef = D41C319A1514D74C00D561C5 /* AirPort2.icns */; };
		D41C31A21514D74C00D561C5 /* AirPort3.icns in Resources */ = {isa = PBXBuildFile; fileRef = D41C319B1514D74C00D561C5 /* AirPort3.icns */; };
		D41C31A31514D74C00D561C5 /* Power.icns in Resources */ = {isa = PBXBuildFile; fileRef = D41C319C1514D74C00D561C5 /* Power.icns */; };
		D4A2796E15137798008F0721 /* Cocoa.framework in Frameworks */ = {isa = PBXBuildFile; fileRef = D4A2796D15137798008F0721 /* Cocoa.framework */; };
		D4A2797415137798008F0721 /* InfoPlist.strings in Resources */ = {isa = PBXBuildFile; fileRef = D4A2797215137798008F0721 /* InfoPlist.strings */; };
		D4A2798315137798008F0721 /* NetworkingAction.m in Sources */ = {isa = PBXBuildFile; fileRef = D4A2798215137798008F0721 /* NetworkingAction.m */; };
		D4A2798615137798008F0721 /* NetworkingSource.m in Sources */ = {isa = PBXBuildFile; fileRef = D4A2798515137798008F0721 /* NetworkingSource.m */; };
		D4B4C8851514ED200073F3CB /* QSAirPortProvider.m in Sources */ = {isa = PBXBuildFile; fileRef = D41C31921514D46C00D561C5 /* QSAirPortProvider.m */; };
		D4B4C8871514ED370073F3CB /* CoreWLAN.framework in Frameworks */ = {isa = PBXBuildFile; fileRef = D4B4C8861514ED370073F3CB /* CoreWLAN.framework */; };
		D4B4C89C151500B10073F3CB /* QSNetworkLocationSource.m in Sources */ = {isa = PBXBuildFile; fileRef = D4B4C89B151500B10073F3CB /* QSNetworkLocationSource.m */; };
/* End PBXBuildFile section */

/* Begin PBXFileReference section */
		D41C31911514D46C00D561C5 /* QSAirPortProvider.h */ = {isa = PBXFileReference; fileEncoding = 4; lastKnownFileType = sourcecode.c.h; path = QSAirPortProvider.h; sourceTree = "<group>"; };
		D41C31921514D46C00D561C5 /* QSAirPortProvider.m */ = {isa = PBXFileReference; fileEncoding = 4; lastKnownFileType = sourcecode.c.objc; path = QSAirPortProvider.m; sourceTree = "<group>"; };
		D41C31961514D74C00D561C5 /* AirPort.icns */ = {isa = PBXFileReference; lastKnownFileType = image.icns; path = AirPort.icns; sourceTree = "<group>"; };
		D41C31971514D74C00D561C5 /* AirPort.scpt */ = {isa = PBXFileReference; lastKnownFileType = file; path = AirPort.scpt; sourceTree = "<group>"; };
		D41C31981514D74C00D561C5 /* AirPort0.icns */ = {isa = PBXFileReference; lastKnownFileType = image.icns; path = AirPort0.icns; sourceTree = "<group>"; };
		D41C31991514D74C00D561C5 /* AirPort1.icns */ = {isa = PBXFileReference; lastKnownFileType = image.icns; path = AirPort1.icns; sourceTree = "<group>"; };
		D41C319A1514D74C00D561C5 /* AirPort2.icns */ = {isa = PBXFileReference; lastKnownFileType = image.icns; path = AirPort2.icns; sourceTree = "<group>"; };
		D41C319B1514D74C00D561C5 /* AirPort3.icns */ = {isa = PBXFileReference; lastKnownFileType = image.icns; path = AirPort3.icns; sourceTree = "<group>"; };
		D41C319C1514D74C00D561C5 /* Power.icns */ = {isa = PBXFileReference; lastKnownFileType = image.icns; path = Power.icns; sourceTree = "<group>"; };
		D4A2796A15137798008F0721 /* Networking.qsplugin */ = {isa = PBXFileReference; explicitFileType = wrapper.cfbundle; includeInIndex = 0; name = Networking.qsplugin; path = "Networking Plugin.bundle"; sourceTree = BUILT_PRODUCTS_DIR; };
		D4A2796D15137798008F0721 /* Cocoa.framework */ = {isa = PBXFileReference; lastKnownFileType = wrapper.framework; name = Cocoa.framework; path = System/Library/Frameworks/Cocoa.framework; sourceTree = SDKROOT; };
		D4A2797115137798008F0721 /* Info.plist */ = {isa = PBXFileReference; lastKnownFileType = text.plist.xml; path = Info.plist; sourceTree = SOURCE_ROOT; };
		D4A2797315137798008F0721 /* en */ = {isa = PBXFileReference; lastKnownFileType = text.plist.strings; name = en; path = en.lproj/InfoPlist.strings; sourceTree = "<group>"; };
		D4A2797615137798008F0721 /* Common.xcconfig */ = {isa = PBXFileReference; lastKnownFileType = text.xcconfig; path = Common.xcconfig; sourceTree = "<group>"; };
		D4A2797715137798008F0721 /* Debug.xcconfig */ = {isa = PBXFileReference; lastKnownFileType = text.xcconfig; path = Debug.xcconfig; sourceTree = "<group>"; };
		D4A2797815137798008F0721 /* Developer.xcconfig */ = {isa = PBXFileReference; lastKnownFileType = text.xcconfig; path = Developer.xcconfig; sourceTree = "<group>"; };
		D4A2797915137798008F0721 /* QSPlugIn.xcconfig */ = {isa = PBXFileReference; lastKnownFileType = text.xcconfig; path = QSPlugIn.xcconfig; sourceTree = "<group>"; };
		D4A2797C15137798008F0721 /* Quicksilver.pch */ = {isa = PBXFileReference; lastKnownFileType = sourcecode.c.h; path = Quicksilver.pch; sourceTree = "<group>"; };
		D4A2797D15137798008F0721 /* Release.xcconfig */ = {isa = PBXFileReference; lastKnownFileType = text.xcconfig; path = Release.xcconfig; sourceTree = "<group>"; };
		D4A2798115137798008F0721 /* NetworkingAction.h */ = {isa = PBXFileReference; lastKnownFileType = sourcecode.c.h; path = NetworkingAction.h; sourceTree = "<group>"; };
		D4A2798215137798008F0721 /* NetworkingAction.m */ = {isa = PBXFileReference; lastKnownFileType = sourcecode.c.objc; path = NetworkingAction.m; sourceTree = "<group>"; };
		D4A2798415137798008F0721 /* NetworkingSource.h */ = {isa = PBXFileReference; lastKnownFileType = sourcecode.c.h; path = NetworkingSource.h; sourceTree = "<group>"; };
		D4A2798515137798008F0721 /* NetworkingSource.m */ = {isa = PBXFileReference; lastKnownFileType = sourcecode.c.objc; path = NetworkingSource.m; sourceTree = "<group>"; };
		D4B4C8861514ED370073F3CB /* CoreWLAN.framework */ = {isa = PBXFileReference; lastKnownFileType = wrapper.framework; name = CoreWLAN.framework; path = System/Library/Frameworks/CoreWLAN.framework; sourceTree = SDKROOT; };
		D4B4C89A151500B10073F3CB /* QSNetworkLocationSource.h */ = {isa = PBXFileReference; fileEncoding = 4; lastKnownFileType = sourcecode.c.h; path = QSNetworkLocationSource.h; sourceTree = "<group>"; };
		D4B4C89B151500B10073F3CB /* QSNetworkLocationSource.m */ = {isa = PBXFileReference; fileEncoding = 4; lastKnownFileType = sourcecode.c.objc; path = QSNetworkLocationSource.m; sourceTree = "<group>"; };
/* End PBXFileReference section */

/* Begin PBXFrameworksBuildPhase section */
		D4A2796615137798008F0721 /* Frameworks */ = {
			isa = PBXFrameworksBuildPhase;
			buildActionMask = 2147483647;
			files = (
				D4B4C8871514ED370073F3CB /* CoreWLAN.framework in Frameworks */,
				D4A2796E15137798008F0721 /* Cocoa.framework in Frameworks */,
			);
			runOnlyForDeploymentPostprocessing = 0;
		};
/* End PBXFrameworksBuildPhase section */

/* Begin PBXGroup section */
		D41C31951514D74C00D561C5 /* Resources */ = {
			isa = PBXGroup;
			children = (
				D41C31961514D74C00D561C5 /* AirPort.icns */,
				D41C31971514D74C00D561C5 /* AirPort.scpt */,
				D41C31981514D74C00D561C5 /* AirPort0.icns */,
				D41C31991514D74C00D561C5 /* AirPort1.icns */,
				D41C319A1514D74C00D561C5 /* AirPort2.icns */,
				D41C319B1514D74C00D561C5 /* AirPort3.icns */,
				D41C319C1514D74C00D561C5 /* Power.icns */,
			);
			path = Resources;
			sourceTree = "<group>";
		};
		D4A2795E15137798008F0721 = {
			isa = PBXGroup;
			children = (
				D4A2797515137798008F0721 /* Configuration */,
				D4A2796F15137798008F0721 /* Networking */,
				D4A2796C15137798008F0721 /* Frameworks */,
				D4A2796B15137798008F0721 /* Products */,
			);
			sourceTree = "<group>";
		};
		D4A2796B15137798008F0721 /* Products */ = {
			isa = PBXGroup;
			children = (
				D4A2796A15137798008F0721 /* Networking.qsplugin */,
			);
			name = Products;
			sourceTree = "<group>";
		};
		D4A2796C15137798008F0721 /* Frameworks */ = {
			isa = PBXGroup;
			children = (
				D4A2796D15137798008F0721 /* Cocoa.framework */,
				D4B4C8861514ED370073F3CB /* CoreWLAN.framework */,
			);
			name = Frameworks;
			sourceTree = "<group>";
		};
		D4A2796F15137798008F0721 /* Networking */ = {
			isa = PBXGroup;
			children = (
				D41C31911514D46C00D561C5 /* QSAirPortProvider.h */,
				D41C31921514D46C00D561C5 /* QSAirPortProvider.m */,
				D4A2798115137798008F0721 /* NetworkingAction.h */,
				D4A2798215137798008F0721 /* NetworkingAction.m */,
				D4A2798415137798008F0721 /* NetworkingSource.h */,
				D4A2798515137798008F0721 /* NetworkingSource.m */,
				D4B4C89A151500B10073F3CB /* QSNetworkLocationSource.h */,
				D4B4C89B151500B10073F3CB /* QSNetworkLocationSource.m */,
				D4A2797015137798008F0721 /* Supporting Files */,
				D41C31951514D74C00D561C5 /* Resources */,
			);
			path = Networking;
			sourceTree = "<group>";
		};
		D4A2797015137798008F0721 /* Supporting Files */ = {
			isa = PBXGroup;
			children = (
				D4A2797115137798008F0721 /* Info.plist */,
				D4A2797215137798008F0721 /* InfoPlist.strings */,
			);
			name = "Supporting Files";
			sourceTree = "<group>";
		};
		D4A2797515137798008F0721 /* Configuration */ = {
			isa = PBXGroup;
			children = (
				D4A2797615137798008F0721 /* Common.xcconfig */,
				D4A2797715137798008F0721 /* Debug.xcconfig */,
				D4A2797815137798008F0721 /* Developer.xcconfig */,
				D4A2797915137798008F0721 /* QSPlugIn.xcconfig */,
				D4A2797C15137798008F0721 /* Quicksilver.pch */,
				D4A2797D15137798008F0721 /* Release.xcconfig */,
			);
			name = Configuration;
			path = /private/tmp/QS/Configuration;
			sourceTree = "<absolute>";
		};
/* End PBXGroup section */

/* Begin PBXNativeTarget section */
		D4A2796915137798008F0721 /* Networking */ = {
			isa = PBXNativeTarget;
			buildConfigurationList = D4A2798915137798008F0721 /* Build configuration list for PBXNativeTarget "Networking" */;
			buildPhases = (
				D4A2796515137798008F0721 /* Sources */,
				D4A2796615137798008F0721 /* Frameworks */,
				D4A2796715137798008F0721 /* Resources */,
				D4A2796815137798008F0721 /* ShellScript */,
			);
			buildRules = (
			);
			dependencies = (
			);
			name = Networking;
			productName = Networking;
			productReference = D4A2796A15137798008F0721 /* Networking.qsplugin */;
			productType = "com.apple.product-type.bundle";
		};
/* End PBXNativeTarget section */

/* Begin PBXProject section */
		D4A2796015137798008F0721 /* Project object */ = {
			isa = PBXProject;
			attributes = {
				LastUpgradeCheck = 0430;
				ORGANIZATIONNAME = "Skurfers’ Alliance";
			};
			buildConfigurationList = D4A2796315137798008F0721 /* Build configuration list for PBXProject "Networking" */;
			compatibilityVersion = "Xcode 3.2";
			developmentRegion = English;
			hasScannedForEncodings = 0;
			knownRegions = (
				en,
			);
			mainGroup = D4A2795E15137798008F0721;
			productRefGroup = D4A2796B15137798008F0721 /* Products */;
			projectDirPath = "";
			projectRoot = "";
			targets = (
				D4A2796915137798008F0721 /* Networking */,
			);
		};
/* End PBXProject section */

/* Begin PBXResourcesBuildPhase section */
		D4A2796715137798008F0721 /* Resources */ = {
			isa = PBXResourcesBuildPhase;
			buildActionMask = 2147483647;
			files = (
				D4A2797415137798008F0721 /* InfoPlist.strings in Resources */,
				D41C319D1514D74C00D561C5 /* AirPort.icns in Resources */,
				D41C319E1514D74C00D561C5 /* AirPort.scpt in Resources */,
				D41C319F1514D74C00D561C5 /* AirPort0.icns in Resources */,
				D41C31A01514D74C00D561C5 /* AirPort1.icns in Resources */,
				D41C31A11514D74C00D561C5 /* AirPort2.icns in Resources */,
				D41C31A21514D74C00D561C5 /* AirPort3.icns in Resources */,
				D41C31A31514D74C00D561C5 /* Power.icns in Resources */,
			);
			runOnlyForDeploymentPostprocessing = 0;
		};
/* End PBXResourcesBuildPhase section */

/* Begin PBXShellScriptBuildPhase section */
		D4A2796815137798008F0721 /* ShellScript */ = {
			isa = PBXShellScriptBuildPhase;
			buildActionMask = 2147483647;
			files = (
			);
			inputPaths = (
			);
			outputPaths = (
			);
			runOnlyForDeploymentPostprocessing = 1;
			shellPath = /bin/sh;
			shellScript = "\"$SRCROOT/Networking/bltrversion\" \"$INFOPLIST_FILE\"";
		};
/* End PBXShellScriptBuildPhase section */

/* Begin PBXSourcesBuildPhase section */
		D4A2796515137798008F0721 /* Sources */ = {
			isa = PBXSourcesBuildPhase;
			buildActionMask = 2147483647;
			files = (
				D4A2798315137798008F0721 /* NetworkingAction.m in Sources */,
				D4A2798615137798008F0721 /* NetworkingSource.m in Sources */,
				D4B4C8851514ED200073F3CB /* QSAirPortProvider.m in Sources */,
				D4B4C89C151500B10073F3CB /* QSNetworkLocationSource.m in Sources */,
			);
			runOnlyForDeploymentPostprocessing = 0;
		};
/* End PBXSourcesBuildPhase section */

/* Begin PBXVariantGroup section */
		D4A2797215137798008F0721 /* InfoPlist.strings */ = {
			isa = PBXVariantGroup;
			children = (
				D4A2797315137798008F0721 /* en */,
			);
			name = InfoPlist.strings;
			sourceTree = "<group>";
		};
/* End PBXVariantGroup section */

/* Begin XCBuildConfiguration section */
		D4A2798715137798008F0721 /* Debug */ = {
			isa = XCBuildConfiguration;
			baseConfigurationReference = D4A2797715137798008F0721 /* Debug.xcconfig */;
			buildSettings = {
			};
			name = Debug;
		};
		D4A2798815137798008F0721 /* Release */ = {
			isa = XCBuildConfiguration;
			baseConfigurationReference = D4A2797D15137798008F0721 /* Release.xcconfig */;
			buildSettings = {
			};
			name = Release;
		};
		D4A2798A15137798008F0721 /* Debug */ = {
			isa = XCBuildConfiguration;
			baseConfigurationReference = D4A2797915137798008F0721 /* QSPlugIn.xcconfig */;
			buildSettings = {
				PRODUCT_NAME = "$(TARGET_NAME) Plugin";
			};
			name = Debug;
		};
		D4A2798B15137798008F0721 /* Release */ = {
			isa = XCBuildConfiguration;
			baseConfigurationReference = D4A2797915137798008F0721 /* QSPlugIn.xcconfig */;
			buildSettings = {
				PRODUCT_NAME = "$(TARGET_NAME) Plugin";
			};
			name = Release;
		};
/* End XCBuildConfiguration section */

/* Begin XCConfigurationList section */
		D4A2796315137798008F0721 /* Build configuration list for PBXProject "Networking" */ = {
			isa = XCConfigurationList;
			buildConfigurations = (
				D4A2798715137798008F0721 /* Debug */,
				D4A2798815137798008F0721 /* Release */,
			);
			defaultConfigurationIsVisible = 0;
			defaultConfigurationName = Release;
		};
		D4A2798915137798008F0721 /* Build configuration list for PBXNativeTarget "Networking" */ = {
			isa = XCConfigurationList;
			buildConfigurations = (
				D4A2798A15137798008F0721 /* Debug */,
				D4A2798B15137798008F0721 /* Release */,
			);
			defaultConfigurationIsVisible = 0;
			defaultConfigurationName = Release;
		};
/* End XCConfigurationList section */
	};
	rootObject = D4A2796015137798008F0721 /* Project object */;
}
